
Microsoft Visual Studio Solution File, Format Version 12.00
# Visual Studio Version 17
VisualStudioVersion = 17.2.32616.157
MinimumVisualStudioVersion = 10.0.40219.1
Project("{FAE04EC0-301F-11D3-BF4B-00C04F79EFBC}") = "Macroscop_FaceRecReport", "Macroscop_FaceRecReport.csproj", "{B208933F-7541-4ACB-B825-9E0180DA9053}"
EndProject
Global
	GlobalSection(SolutionConfigurationPlatforms) = preSolution
		Debug|Any CPU = Debug|Any CPU
		Release|Any CPU = Release|Any CPU
	EndGlobalSection
	GlobalSection(ProjectConfigurationPlatforms) = postSolution
		{B208933F-7541-4ACB-B825-9E0180DA9053}.Debug|Any CPU.ActiveCfg = Debug|Any CPU
		{B208933F-7541-4ACB-B825-9E0180DA9053}.Debug|Any CPU.Build.0 = Debug|Any CPU
		{B208933F-7541-4ACB-B825-9E0180DA9053}.Release|Any CPU.ActiveCfg = Release|Any CPU
		{B208933F-7541-4ACB-B825-9E0180DA9053}.Release|Any CPU.Build.0 = Release|Any CPU
	EndGlobalSection
	GlobalSection(SolutionProperties) = preSolution
		HideSolutionNode = FALSE
	EndGlobalSection
	GlobalSection(ExtensibilityGlobals) = postSolution
		SolutionGuid = {57C78281-21A0-4668-B06F-DF3FD9F42A97}
	EndGlobalSection
EndGlobal
